// !$*UTF8*$!
{
	archiveVersion = 1;
	classes = {
	};
	objectVersion = 50;
	objects = {

/* Begin PBXBuildFile section */
		842CAA4A278C767B00B14111 /* OrderSummaryVM.swift in Sources */ = {isa = PBXBuildFile; fileRef = 842CAA49278C767B00B14111 /* OrderSummaryVM.swift */; };
		842CAA4C278CA22A00B14111 /* StoreRequestUseCase.swift in Sources */ = {isa = PBXBuildFile; fileRef = 842CAA4B278CA22A00B14111 /* StoreRequestUseCase.swift */; };
		842CAA4E278CA26500B14111 /* Store.swift in Sources */ = {isa = PBXBuildFile; fileRef = 842CAA4D278CA26500B14111 /* Store.swift */; };
		843E1E54278EB4560019579E /* AppEnums.swift in Sources */ = {isa = PBXBuildFile; fileRef = 843E1E53278EB4560019579E /* AppEnums.swift */; };
		843E1E5B278EB5480019579E /* StringConstant.swift in Sources */ = {isa = PBXBuildFile; fileRef = 843E1E5A278EB5480019579E /* StringConstant.swift */; };
		843E1E5D278EBB6D0019579E /* ApiKeys.swift in Sources */ = {isa = PBXBuildFile; fileRef = 843E1E5C278EBB6D0019579E /* ApiKeys.swift */; };
		8466DB04278ADD4E00982F80 /* AppDelegate.swift in Sources */ = {isa = PBXBuildFile; fileRef = 8466DB03278ADD4E00982F80 /* AppDelegate.swift */; };
		8466DB06278ADD4E00982F80 /* SceneDelegate.swift in Sources */ = {isa = PBXBuildFile; fileRef = 8466DB05278ADD4E00982F80 /* SceneDelegate.swift */; };
		8466DB0B278ADD4F00982F80 /* Main.storyboard in Resources */ = {isa = PBXBuildFile; fileRef = 8466DB09278ADD4F00982F80 /* Main.storyboard */; };
		8466DB0D278ADD5000982F80 /* Assets.xcassets in Resources */ = {isa = PBXBuildFile; fileRef = 8466DB0C278ADD5000982F80 /* Assets.xcassets */; };
		8466DB10278ADD5000982F80 /* LaunchScreen.storyboard in Resources */ = {isa = PBXBuildFile; fileRef = 8466DB0E278ADD5000982F80 /* LaunchScreen.storyboard */; };
		8466DB79278B314D00982F80 /* StoreDetailViewController.swift in Sources */ = {isa = PBXBuildFile; fileRef = 8466DB78278B314D00982F80 /* StoreDetailViewController.swift */; };
		8466DB83278B331300982F80 /* ProductsTableViewCell.swift in Sources */ = {isa = PBXBuildFile; fileRef = 8466DB81278B331300982F80 /* ProductsTableViewCell.swift */; };
		8466DB84278B331300982F80 /* ProductsTableViewCell.xib in Resources */ = {isa = PBXBuildFile; fileRef = 8466DB82278B331300982F80 /* ProductsTableViewCell.xib */; };
		8466DB91278B3E2900982F80 /* Extensions.swift in Sources */ = {isa = PBXBuildFile; fileRef = 8466DB90278B3E2900982F80 /* Extensions.swift */; };
		8466DB9A278B3EBA00982F80 /* Products.swift in Sources */ = {isa = PBXBuildFile; fileRef = 8466DB99278B3EBA00982F80 /* Products.swift */; };
		8466DBA3278B4ACD00982F80 /* OrderSummaryViewController.swift in Sources */ = {isa = PBXBuildFile; fileRef = 8466DBA2278B4ACD00982F80 /* OrderSummaryViewController.swift */; };
		8466DBF5278B569700982F80 /* BaseRequestUseCase.swift in Sources */ = {isa = PBXBuildFile; fileRef = 8466DBED278B569700982F80 /* BaseRequestUseCase.swift */; };
		8466DBF6278B569700982F80 /* NetworkManager.swift in Sources */ = {isa = PBXBuildFile; fileRef = 8466DBF0278B569700982F80 /* NetworkManager.swift */; };
		8466DBF7278B569700982F80 /* ProductRequestUseCase.swift in Sources */ = {isa = PBXBuildFile; fileRef = 8466DBF2278B569700982F80 /* ProductRequestUseCase.swift */; };
		8466DBFD278B57B400982F80 /* StoreDetailViewModel.swift in Sources */ = {isa = PBXBuildFile; fileRef = 8466DBFC278B57B400982F80 /* StoreDetailViewModel.swift */; };
		84D01383278EBFDC004E9416 /* AppURLs.swift in Sources */ = {isa = PBXBuildFile; fileRef = 84D01382278EBFDC004E9416 /* AppURLs.swift */; };
		84D01409278EC72C004E9416 /* OrderDetailSummaryVCUITests.swift in Sources */ = {isa = PBXBuildFile; fileRef = 84D01408278EC72C004E9416 /* OrderDetailSummaryVCUITests.swift */; };
		84D01420278EC78C004E9416 /* StoreDetailVCUITests.swift in Sources */ = {isa = PBXBuildFile; fileRef = 84D0141A278EC78C004E9416 /* StoreDetailVCUITests.swift */; };
		84D01421278EC78C004E9416 /* ProductsCellUITests.swift in Sources */ = {isa = PBXBuildFile; fileRef = 84D0141C278EC78C004E9416 /* ProductsCellUITests.swift */; };
		84D01428278EC7F7004E9416 /* OrderSummaryVMTests.swift in Sources */ = {isa = PBXBuildFile; fileRef = 84D01426278EC7F7004E9416 /* OrderSummaryVMTests.swift */; };
		84D01429278EC7F7004E9416 /* OrderSummaryVCTests.swift in Sources */ = {isa = PBXBuildFile; fileRef = 84D01427278EC7F7004E9416 /* OrderSummaryVCTests.swift */; };
		84D01434278EC801004E9416 /* StoreDetailVMTests.swift in Sources */ = {isa = PBXBuildFile; fileRef = 84D0142D278EC801004E9416 /* StoreDetailVMTests.swift */; };
		84D01435278EC801004E9416 /* StoreDetailVCTests.swift in Sources */ = {isa = PBXBuildFile; fileRef = 84D0142E278EC801004E9416 /* StoreDetailVCTests.swift */; };
/* End PBXBuildFile section */

/* Begin PBXContainerItemProxy section */
		8466DB17278ADD5000982F80 /* PBXContainerItemProxy */ = {
			isa = PBXContainerItemProxy;
			containerPortal = 8466DAF8278ADD4E00982F80 /* Project object */;
			proxyType = 1;
			remoteGlobalIDString = 8466DAFF278ADD4E00982F80;
			remoteInfo = "E-Market";
		};
		8466DB22278ADD5000982F80 /* PBXContainerItemProxy */ = {
			isa = PBXContainerItemProxy;
			containerPortal = 8466DAF8278ADD4E00982F80 /* Project object */;
			proxyType = 1;
			remoteGlobalIDString = 8466DAFF278ADD4E00982F80;
			remoteInfo = "E-Market";
		};
/* End PBXContainerItemProxy section */

/* Begin PBXFileReference section */
		842CAA49278C767B00B14111 /* OrderSummaryVM.swift */ = {isa = PBXFileReference; lastKnownFileType = sourcecode.swift; path = OrderSummaryVM.swift; sourceTree = "<group>"; };
		842CAA4B278CA22A00B14111 /* StoreRequestUseCase.swift */ = {isa = PBXFileReference; lastKnownFileType = sourcecode.swift; path = StoreRequestUseCase.swift; sourceTree = "<group>"; };
		842CAA4D278CA26500B14111 /* Store.swift */ = {isa = PBXFileReference; lastKnownFileType = sourcecode.swift; path = Store.swift; sourceTree = "<group>"; };
		843E1E53278EB4560019579E /* AppEnums.swift */ = {isa = PBXFileReference; fileEncoding = 4; lastKnownFileType = sourcecode.swift; path = AppEnums.swift; sourceTree = "<group>"; };
		843E1E5A278EB5480019579E /* StringConstant.swift */ = {isa = PBXFileReference; lastKnownFileType = sourcecode.swift; path = StringConstant.swift; sourceTree = "<group>"; };
		843E1E5C278EBB6D0019579E /* ApiKeys.swift */ = {isa = PBXFileReference; lastKnownFileType = sourcecode.swift; path = ApiKeys.swift; sourceTree = "<group>"; };
		8466DB00278ADD4E00982F80 /* E-Market.app */ = {isa = PBXFileReference; explicitFileType = wrapper.application; includeInIndex = 0; path = "E-Market.app"; sourceTree = BUILT_PRODUCTS_DIR; };
		8466DB03278ADD4E00982F80 /* AppDelegate.swift */ = {isa = PBXFileReference; lastKnownFileType = sourcecode.swift; path = AppDelegate.swift; sourceTree = "<group>"; };
		8466DB05278ADD4E00982F80 /* SceneDelegate.swift */ = {isa = PBXFileReference; lastKnownFileType = sourcecode.swift; path = SceneDelegate.swift; sourceTree = "<group>"; };
		8466DB0A278ADD4F00982F80 /* Base */ = {isa = PBXFileReference; lastKnownFileType = file.storyboard; name = Base; path = Base.lproj/Main.storyboard; sourceTree = "<group>"; };
		8466DB0C278ADD5000982F80 /* Assets.xcassets */ = {isa = PBXFileReference; lastKnownFileType = folder.assetcatalog; path = Assets.xcassets; sourceTree = "<group>"; };
		8466DB0F278ADD5000982F80 /* Base */ = {isa = PBXFileReference; lastKnownFileType = file.storyboard; name = Base; path = Base.lproj/LaunchScreen.storyboard; sourceTree = "<group>"; };
		8466DB11278ADD5000982F80 /* Info.plist */ = {isa = PBXFileReference; lastKnownFileType = text.plist.xml; path = Info.plist; sourceTree = "<group>"; };
		8466DB16278ADD5000982F80 /* E-MarketTests.xctest */ = {isa = PBXFileReference; explicitFileType = wrapper.cfbundle; includeInIndex = 0; path = "E-MarketTests.xctest"; sourceTree = BUILT_PRODUCTS_DIR; };
		8466DB1C278ADD5000982F80 /* Info.plist */ = {isa = PBXFileReference; lastKnownFileType = text.plist.xml; path = Info.plist; sourceTree = "<group>"; };
		8466DB21278ADD5000982F80 /* E-MarketUITests.xctest */ = {isa = PBXFileReference; explicitFileType = wrapper.cfbundle; includeInIndex = 0; path = "E-MarketUITests.xctest"; sourceTree = BUILT_PRODUCTS_DIR; };
		8466DB27278ADD5000982F80 /* Info.plist */ = {isa = PBXFileReference; lastKnownFileType = text.plist.xml; path = Info.plist; sourceTree = "<group>"; };
		8466DB78278B314D00982F80 /* StoreDetailViewController.swift */ = {isa = PBXFileReference; lastKnownFileType = sourcecode.swift; path = StoreDetailViewController.swift; sourceTree = "<group>"; };
		8466DB81278B331300982F80 /* ProductsTableViewCell.swift */ = {isa = PBXFileReference; lastKnownFileType = sourcecode.swift; path = ProductsTableViewCell.swift; sourceTree = "<group>"; };
		8466DB82278B331300982F80 /* ProductsTableViewCell.xib */ = {isa = PBXFileReference; lastKnownFileType = file.xib; path = ProductsTableViewCell.xib; sourceTree = "<group>"; };
		8466DB90278B3E2900982F80 /* Extensions.swift */ = {isa = PBXFileReference; lastKnownFileType = sourcecode.swift; path = Extensions.swift; sourceTree = "<group>"; };
		8466DB99278B3EBA00982F80 /* Products.swift */ = {isa = PBXFileReference; lastKnownFileType = sourcecode.swift; path = Products.swift; sourceTree = "<group>"; };
		8466DBA2278B4ACD00982F80 /* OrderSummaryViewController.swift */ = {isa = PBXFileReference; lastKnownFileType = sourcecode.swift; path = OrderSummaryViewController.swift; sourceTree = "<group>"; };
		8466DBED278B569700982F80 /* BaseRequestUseCase.swift */ = {isa = PBXFileReference; fileEncoding = 4; lastKnownFileType = sourcecode.swift; path = BaseRequestUseCase.swift; sourceTree = "<group>"; };
		8466DBF0278B569700982F80 /* NetworkManager.swift */ = {isa = PBXFileReference; fileEncoding = 4; lastKnownFileType = sourcecode.swift; path = NetworkManager.swift; sourceTree = "<group>"; };
		8466DBF2278B569700982F80 /* ProductRequestUseCase.swift */ = {isa = PBXFileReference; fileEncoding = 4; lastKnownFileType = sourcecode.swift; path = ProductRequestUseCase.swift; sourceTree = "<group>"; };
		8466DBFC278B57B400982F80 /* StoreDetailViewModel.swift */ = {isa = PBXFileReference; lastKnownFileType = sourcecode.swift; path = StoreDetailViewModel.swift; sourceTree = "<group>"; };
		84D01382278EBFDC004E9416 /* AppURLs.swift */ = {isa = PBXFileReference; lastKnownFileType = sourcecode.swift; path = AppURLs.swift; sourceTree = "<group>"; };
		84D01408278EC72C004E9416 /* OrderDetailSummaryVCUITests.swift */ = {isa = PBXFileReference; fileEncoding = 4; lastKnownFileType = sourcecode.swift; path = OrderDetailSummaryVCUITests.swift; sourceTree = "<group>"; };
		84D0141A278EC78C004E9416 /* StoreDetailVCUITests.swift */ = {isa = PBXFileReference; fileEncoding = 4; lastKnownFileType = sourcecode.swift; path = StoreDetailVCUITests.swift; sourceTree = "<group>"; };
		84D0141C278EC78C004E9416 /* ProductsCellUITests.swift */ = {isa = PBXFileReference; fileEncoding = 4; lastKnownFileType = sourcecode.swift; path = ProductsCellUITests.swift; sourceTree = "<group>"; };
		84D01426278EC7F7004E9416 /* OrderSummaryVMTests.swift */ = {isa = PBXFileReference; fileEncoding = 4; lastKnownFileType = sourcecode.swift; path = OrderSummaryVMTests.swift; sourceTree = "<group>"; };
		84D01427278EC7F7004E9416 /* OrderSummaryVCTests.swift */ = {isa = PBXFileReference; fileEncoding = 4; lastKnownFileType = sourcecode.swift; path = OrderSummaryVCTests.swift; sourceTree = "<group>"; };
		84D0142D278EC801004E9416 /* StoreDetailVMTests.swift */ = {isa = PBXFileReference; fileEncoding = 4; lastKnownFileType = sourcecode.swift; path = StoreDetailVMTests.swift; sourceTree = "<group>"; };
		84D0142E278EC801004E9416 /* StoreDetailVCTests.swift */ = {isa = PBXFileReference; fileEncoding = 4; lastKnownFileType = sourcecode.swift; path = StoreDetailVCTests.swift; sourceTree = "<group>"; };
/* End PBXFileReference section */

/* Begin PBXFrameworksBuildPhase section */
		8466DAFD278ADD4E00982F80 /* Frameworks */ = {
			isa = PBXFrameworksBuildPhase;
			buildActionMask = 2147483647;
			files = (
			);
			runOnlyForDeploymentPostprocessing = 0;
		};
		8466DB13278ADD5000982F80 /* Frameworks */ = {
			isa = PBXFrameworksBuildPhase;
			buildActionMask = 2147483647;
			files = (
			);
			runOnlyForDeploymentPostprocessing = 0;
		};
		8466DB1E278ADD5000982F80 /* Frameworks */ = {
			isa = PBXFrameworksBuildPhase;
			buildActionMask = 2147483647;
			files = (
			);
			runOnlyForDeploymentPostprocessing = 0;
		};
/* End PBXFrameworksBuildPhase section */

/* Begin PBXGroup section */
		842CAA48278C765E00B14111 /* ViewModel */ = {
			isa = PBXGroup;
			children = (
				842CAA49278C767B00B14111 /* OrderSummaryVM.swift */,
			);
			path = ViewModel;
			sourceTree = "<group>";
		};
		843B88DE278D9D8C002E7857 /* View */ = {
			isa = PBXGroup;
			children = (
				8466DB80278B32F100982F80 /* ProductsTableViewCell */,
			);
			path = View;
			sourceTree = "<group>";
		};
		843B88DF278D9D9B002E7857 /* ViewController */ = {
			isa = PBXGroup;
			children = (
				8466DB78278B314D00982F80 /* StoreDetailViewController.swift */,
			);
			path = ViewController;
			sourceTree = "<group>";
		};
		843E1E59278EB5310019579E /* Resources */ = {
			isa = PBXGroup;
			children = (
				8466DB11278ADD5000982F80 /* Info.plist */,
				8466DB0C278ADD5000982F80 /* Assets.xcassets */,
				843E1E5A278EB5480019579E /* StringConstant.swift */,
			);
			path = Resources;
			sourceTree = "<group>";
		};
		8466DAF7278ADD4E00982F80 = {
			isa = PBXGroup;
			children = (
				8466DB02278ADD4E00982F80 /* E-Market */,
				8466DB19278ADD5000982F80 /* E-MarketTests */,
				8466DB24278ADD5000982F80 /* E-MarketUITests */,
				8466DB01278ADD4E00982F80 /* Products */,
			);
			sourceTree = "<group>";
		};
		8466DB01278ADD4E00982F80 /* Products */ = {
			isa = PBXGroup;
			children = (
				8466DB00278ADD4E00982F80 /* E-Market.app */,
				8466DB16278ADD5000982F80 /* E-MarketTests.xctest */,
				8466DB21278ADD5000982F80 /* E-MarketUITests.xctest */,
			);
			name = Products;
			sourceTree = "<group>";
		};
		8466DB02278ADD4E00982F80 /* E-Market */ = {
			isa = PBXGroup;
			children = (
				84D01385278EC3CF004E9416 /* Controller */,
				8466DB98278B3EA400982F80 /* Model */,
				8466DB76278B311300982F80 /* View Controllers */,
				84D01384278EC3BD004E9416 /* StoryBoard */,
				8466DB8F278B3E1100982F80 /* HelperClasses */,
				8466DBA7278B515400982F80 /* Services */,
				843E1E59278EB5310019579E /* Resources */,
			);
			path = "E-Market";
			sourceTree = "<group>";
		};
		8466DB19278ADD5000982F80 /* E-MarketTests */ = {
			isa = PBXGroup;
			children = (
				84D0142B278EC801004E9416 /* StoreDetailModuleTests */,
				84D01424278EC7F7004E9416 /* OrderSummaryModuleTests */,
				8466DB1C278ADD5000982F80 /* Info.plist */,
			);
			path = "E-MarketTests";
			sourceTree = "<group>";
		};
		8466DB24278ADD5000982F80 /* E-MarketUITests */ = {
			isa = PBXGroup;
			children = (
				84D01419278EC78C004E9416 /* StoreDetailModuleUITests */,
				84D0139C278EC675004E9416 /* OrderSummaryModuleTests */,
				8466DB27278ADD5000982F80 /* Info.plist */,
			);
			path = "E-MarketUITests";
			sourceTree = "<group>";
		};
		8466DB76278B311300982F80 /* View Controllers */ = {
			isa = PBXGroup;
			children = (
				8466DB77278B312C00982F80 /* StoreDetailModule */,
				8466DB9E278B4AA500982F80 /* OrderSummaryModule */,
			);
			path = "View Controllers";
			sourceTree = "<group>";
		};
		8466DB77278B312C00982F80 /* StoreDetailModule */ = {
			isa = PBXGroup;
			children = (
				843B88DE278D9D8C002E7857 /* View */,
				8466DBFB278B579500982F80 /* ViewModel */,
				843B88DF278D9D9B002E7857 /* ViewController */,
			);
			path = StoreDetailModule;
			sourceTree = "<group>";
		};
		8466DB80278B32F100982F80 /* ProductsTableViewCell */ = {
			isa = PBXGroup;
			children = (
				8466DB81278B331300982F80 /* ProductsTableViewCell.swift */,
				8466DB82278B331300982F80 /* ProductsTableViewCell.xib */,
			);
			path = ProductsTableViewCell;
			sourceTree = "<group>";
		};
		8466DB8F278B3E1100982F80 /* HelperClasses */ = {
			isa = PBXGroup;
			children = (
				843E1E53278EB4560019579E /* AppEnums.swift */,
				8466DB90278B3E2900982F80 /* Extensions.swift */,
				843E1E5C278EBB6D0019579E /* ApiKeys.swift */,
				84D01382278EBFDC004E9416 /* AppURLs.swift */,
			);
			path = HelperClasses;
			sourceTree = "<group>";
		};
		8466DB98278B3EA400982F80 /* Model */ = {
			isa = PBXGroup;
			children = (
				8466DB99278B3EBA00982F80 /* Products.swift */,
				842CAA4D278CA26500B14111 /* Store.swift */,
			);
			path = Model;
			sourceTree = "<group>";
		};
		8466DB9E278B4AA500982F80 /* OrderSummaryModule */ = {
			isa = PBXGroup;
			children = (
				8466DD33279054FF00982F80 /* ViewController */,
				842CAA48278C765E00B14111 /* ViewModel */,
			);
			path = OrderSummaryModule;
			sourceTree = "<group>";
		};
		8466DBA7278B515400982F80 /* Services */ = {
			isa = PBXGroup;
			children = (
				8466DBEA278B569700982F80 /* Base */,
				8466DBEE278B569700982F80 /* DataLayer */,
			);
			path = Services;
			sourceTree = "<group>";
		};
		8466DBEA278B569700982F80 /* Base */ = {
			isa = PBXGroup;
			children = (
				8466DBED278B569700982F80 /* BaseRequestUseCase.swift */,
			);
			path = Base;
			sourceTree = "<group>";
		};
		8466DBEE278B569700982F80 /* DataLayer */ = {
			isa = PBXGroup;
			children = (
				8466DBEF278B569700982F80 /* Network */,
				8466DBF1278B569700982F80 /* UseCase */,
			);
			path = DataLayer;
			sourceTree = "<group>";
		};
		8466DBEF278B569700982F80 /* Network */ = {
			isa = PBXGroup;
			children = (
				8466DBF0278B569700982F80 /* NetworkManager.swift */,
			);
			path = Network;
			sourceTree = "<group>";
		};
		8466DBF1278B569700982F80 /* UseCase */ = {
			isa = PBXGroup;
			children = (
				8466DBF2278B569700982F80 /* ProductRequestUseCase.swift */,
				842CAA4B278CA22A00B14111 /* StoreRequestUseCase.swift */,
			);
			path = UseCase;
			sourceTree = "<group>";
		};
		8466DBFB278B579500982F80 /* ViewModel */ = {
			isa = PBXGroup;
			children = (
				8466DBFC278B57B400982F80 /* StoreDetailViewModel.swift */,
			);
			path = ViewModel;
			sourceTree = "<group>";
		};
		8466DD33279054FF00982F80 /* ViewController */ = {
			isa = PBXGroup;
			children = (
				8466DBA2278B4ACD00982F80 /* OrderSummaryViewController.swift */,
			);
			path = ViewController;
			sourceTree = "<group>";
		};
		84D01384278EC3BD004E9416 /* StoryBoard */ = {
			isa = PBXGroup;
			children = (
				8466DB0E278ADD5000982F80 /* LaunchScreen.storyboard */,
				8466DB09278ADD4F00982F80 /* Main.storyboard */,
			);
			path = StoryBoard;
			sourceTree = "<group>";
		};
		84D01385278EC3CF004E9416 /* Controller */ = {
			isa = PBXGroup;
			children = (
				8466DB03278ADD4E00982F80 /* AppDelegate.swift */,
				8466DB05278ADD4E00982F80 /* SceneDelegate.swift */,
			);
			path = Controller;
			sourceTree = "<group>";
		};
		84D0139C278EC675004E9416 /* OrderSummaryModuleTests */ = {
			isa = PBXGroup;
			children = (
				84D01408278EC72C004E9416 /* OrderDetailSummaryVCUITests.swift */,
			);
			path = OrderSummaryModuleTests;
			sourceTree = "<group>";
		};
		84D01419278EC78C004E9416 /* StoreDetailModuleUITests */ = {
			isa = PBXGroup;
			children = (
				84D0141A278EC78C004E9416 /* StoreDetailVCUITests.swift */,
				84D0141B278EC78C004E9416 /* ProductsCellUITests */,
			);
			path = StoreDetailModuleUITests;
			sourceTree = "<group>";
		};
		84D0141B278EC78C004E9416 /* ProductsCellUITests */ = {
			isa = PBXGroup;
			children = (
				84D0141C278EC78C004E9416 /* ProductsCellUITests.swift */,
			);
			path = ProductsCellUITests;
			sourceTree = "<group>";
		};
		84D01424278EC7F7004E9416 /* OrderSummaryModuleTests */ = {
			isa = PBXGroup;
			children = (
				84D01425278EC7F7004E9416 /* APITests */,
				84D01427278EC7F7004E9416 /* OrderSummaryVCTests.swift */,
			);
			path = OrderSummaryModuleTests;
			sourceTree = "<group>";
		};
		84D01425278EC7F7004E9416 /* APITests */ = {
			isa = PBXGroup;
			children = (
				84D01426278EC7F7004E9416 /* OrderSummaryVMTests.swift */,
			);
			path = APITests;
			sourceTree = "<group>";
		};
		84D0142B278EC801004E9416 /* StoreDetailModuleTests */ = {
			isa = PBXGroup;
			children = (
				84D0142C278EC801004E9416 /* APITests */,
				84D0142E278EC801004E9416 /* StoreDetailVCTests.swift */,
			);
			path = StoreDetailModuleTests;
			sourceTree = "<group>";
		};
		84D0142C278EC801004E9416 /* APITests */ = {
			isa = PBXGroup;
			children = (
				84D0142D278EC801004E9416 /* StoreDetailVMTests.swift */,
			);
			path = APITests;
			sourceTree = "<group>";
		};
/* End PBXGroup section */

/* Begin PBXNativeTarget section */
		8466DAFF278ADD4E00982F80 /* E-Market */ = {
			isa = PBXNativeTarget;
			buildConfigurationList = 8466DB2A278ADD5000982F80 /* Build configuration list for PBXNativeTarget "E-Market" */;
			buildPhases = (
				8466DAFC278ADD4E00982F80 /* Sources */,
				8466DAFD278ADD4E00982F80 /* Frameworks */,
				8466DAFE278ADD4E00982F80 /* Resources */,
			);
			buildRules = (
			);
			dependencies = (
			);
			name = "E-Market";
			productName = "E-Market";
			productReference = 8466DB00278ADD4E00982F80 /* E-Market.app */;
			productType = "com.apple.product-type.application";
		};
		8466DB15278ADD5000982F80 /* E-MarketTests */ = {
			isa = PBXNativeTarget;
			buildConfigurationList = 8466DB2D278ADD5000982F80 /* Build configuration list for PBXNativeTarget "E-MarketTests" */;
			buildPhases = (
				8466DB12278ADD5000982F80 /* Sources */,
				8466DB13278ADD5000982F80 /* Frameworks */,
				8466DB14278ADD5000982F80 /* Resources */,
			);
			buildRules = (
			);
			dependencies = (
				8466DB18278ADD5000982F80 /* PBXTargetDependency */,
			);
			name = "E-MarketTests";
			productName = "E-MarketTests";
			productReference = 8466DB16278ADD5000982F80 /* E-MarketTests.xctest */;
			productType = "com.apple.product-type.bundle.unit-test";
		};
		8466DB20278ADD5000982F80 /* E-MarketUITests */ = {
			isa = PBXNativeTarget;
			buildConfigurationList = 8466DB30278ADD5000982F80 /* Build configuration list for PBXNativeTarget "E-MarketUITests" */;
			buildPhases = (
				8466DB1D278ADD5000982F80 /* Sources */,
				8466DB1E278ADD5000982F80 /* Frameworks */,
				8466DB1F278ADD5000982F80 /* Resources */,
			);
			buildRules = (
			);
			dependencies = (
				8466DB23278ADD5000982F80 /* PBXTargetDependency */,
			);
			name = "E-MarketUITests";
			productName = "E-MarketUITests";
			productReference = 8466DB21278ADD5000982F80 /* E-MarketUITests.xctest */;
			productType = "com.apple.product-type.bundle.ui-testing";
		};
/* End PBXNativeTarget section */

/* Begin PBXProject section */
		8466DAF8278ADD4E00982F80 /* Project object */ = {
			isa = PBXProject;
			attributes = {
				LastSwiftUpdateCheck = 1240;
				LastUpgradeCheck = 1240;
				TargetAttributes = {
					8466DAFF278ADD4E00982F80 = {
						CreatedOnToolsVersion = 12.4;
					};
					8466DB15278ADD5000982F80 = {
						CreatedOnToolsVersion = 12.4;
						TestTargetID = 8466DAFF278ADD4E00982F80;
					};
					8466DB20278ADD5000982F80 = {
						CreatedOnToolsVersion = 12.4;
						TestTargetID = 8466DAFF278ADD4E00982F80;
					};
				};
			};
			buildConfigurationList = 8466DAFB278ADD4E00982F80 /* Build configuration list for PBXProject "E-Market" */;
			compatibilityVersion = "Xcode 9.3";
			developmentRegion = en;
			hasScannedForEncodings = 0;
			knownRegions = (
				en,
				Base,
			);
			mainGroup = 8466DAF7278ADD4E00982F80;
			productRefGroup = 8466DB01278ADD4E00982F80 /* Products */;
			projectDirPath = "";
			projectRoot = "";
			targets = (
				8466DAFF278ADD4E00982F80 /* E-Market */,
				8466DB15278ADD5000982F80 /* E-MarketTests */,
				8466DB20278ADD5000982F80 /* E-MarketUITests */,
			);
		};
/* End PBXProject section */

/* Begin PBXResourcesBuildPhase section */
		8466DAFE278ADD4E00982F80 /* Resources */ = {
			isa = PBXResourcesBuildPhase;
			buildActionMask = 2147483647;
			files = (
				8466DB10278ADD5000982F80 /* LaunchScreen.storyboard in Resources */,
				8466DB84278B331300982F80 /* ProductsTableViewCell.xib in Resources */,
				8466DB0D278ADD5000982F80 /* Assets.xcassets in Resources */,
				8466DB0B278ADD4F00982F80 /* Main.storyboard in Resources */,
			);
			runOnlyForDeploymentPostprocessing = 0;
		};
		8466DB14278ADD5000982F80 /* Resources */ = {
			isa = PBXResourcesBuildPhase;
			buildActionMask = 2147483647;
			files = (
			);
			runOnlyForDeploymentPostprocessing = 0;
		};
		8466DB1F278ADD5000982F80 /* Resources */ = {
			isa = PBXResourcesBuildPhase;
			buildActionMask = 2147483647;
			files = (
			);
			runOnlyForDeploymentPostprocessing = 0;
		};
/* End PBXResourcesBuildPhase section */

/* Begin PBXSourcesBuildPhase section */
		8466DAFC278ADD4E00982F80 /* Sources */ = {
			isa = PBXSourcesBuildPhase;
			buildActionMask = 2147483647;
			files = (
				8466DBA3278B4ACD00982F80 /* OrderSummaryViewController.swift in Sources */,
				8466DB79278B314D00982F80 /* StoreDetailViewController.swift in Sources */,
				843E1E5D278EBB6D0019579E /* ApiKeys.swift in Sources */,
				842CAA4A278C767B00B14111 /* OrderSummaryVM.swift in Sources */,
				842CAA4E278CA26500B14111 /* Store.swift in Sources */,
				84D01383278EBFDC004E9416 /* AppURLs.swift in Sources */,
				8466DBF6278B569700982F80 /* NetworkManager.swift in Sources */,
				8466DB91278B3E2900982F80 /* Extensions.swift in Sources */,
				8466DBF7278B569700982F80 /* ProductRequestUseCase.swift in Sources */,
				8466DBFD278B57B400982F80 /* StoreDetailViewModel.swift in Sources */,
				842CAA4C278CA22A00B14111 /* StoreRequestUseCase.swift in Sources */,
				8466DB83278B331300982F80 /* ProductsTableViewCell.swift in Sources */,
				8466DB9A278B3EBA00982F80 /* Products.swift in Sources */,
				8466DBF5278B569700982F80 /* BaseRequestUseCase.swift in Sources */,
				8466DB04278ADD4E00982F80 /* AppDelegate.swift in Sources */,
				843E1E54278EB4560019579E /* AppEnums.swift in Sources */,
				843E1E5B278EB5480019579E /* StringConstant.swift in Sources */,
				8466DB06278ADD4E00982F80 /* SceneDelegate.swift in Sources */,
			);
			runOnlyForDeploymentPostprocessing = 0;
		};
		8466DB12278ADD5000982F80 /* Sources */ = {
			isa = PBXSourcesBuildPhase;
			buildActionMask = 2147483647;
			files = (
				84D01429278EC7F7004E9416 /* OrderSummaryVCTests.swift in Sources */,
				84D01434278EC801004E9416 /* StoreDetailVMTests.swift in Sources */,
				84D01428278EC7F7004E9416 /* OrderSummaryVMTests.swift in Sources */,
				84D01435278EC801004E9416 /* StoreDetailVCTests.swift in Sources */,
			);
			runOnlyForDeploymentPostprocessing = 0;
		};
		8466DB1D278ADD5000982F80 /* Sources */ = {
			isa = PBXSourcesBuildPhase;
			buildActionMask = 2147483647;
			files = (
				84D01421278EC78C004E9416 /* ProductsCellUITests.swift in Sources */,
				84D01420278EC78C004E9416 /* StoreDetailVCUITests.swift in Sources */,
				84D01409278EC72C004E9416 /* OrderDetailSummaryVCUITests.swift in Sources */,
			);
			runOnlyForDeploymentPostprocessing = 0;
		};
/* End PBXSourcesBuildPhase section */

/* Begin PBXTargetDependency section */
		8466DB18278ADD5000982F80 /* PBXTargetDependency */ = {
			isa = PBXTargetDependency;
			target = 8466DAFF278ADD4E00982F80 /* E-Market */;
			targetProxy = 8466DB17278ADD5000982F80 /* PBXContainerItemProxy */;
		};
		8466DB23278ADD5000982F80 /* PBXTargetDependency */ = {
			isa = PBXTargetDependency;
			target = 8466DAFF278ADD4E00982F80 /* E-Market */;
			targetProxy = 8466DB22278ADD5000982F80 /* PBXContainerItemProxy */;
		};
/* End PBXTargetDependency section */

/* Begin PBXVariantGroup section */
		8466DB09278ADD4F00982F80 /* Main.storyboard */ = {
			isa = PBXVariantGroup;
			children = (
				8466DB0A278ADD4F00982F80 /* Base */,
			);
			name = Main.storyboard;
			sourceTree = "<group>";
		};
		8466DB0E278ADD5000982F80 /* LaunchScreen.storyboard */ = {
			isa = PBXVariantGroup;
			children = (
				8466DB0F278ADD5000982F80 /* Base */,
			);
			name = LaunchScreen.storyboard;
			sourceTree = "<group>";
		};
/* End PBXVariantGroup section */

/* Begin XCBuildConfiguration section */
		8466DB28278ADD5000982F80 /* Debug */ = {
			isa = XCBuildConfiguration;
			buildSettings = {
				ALWAYS_SEARCH_USER_PATHS = NO;
				CLANG_ANALYZER_NONNULL = YES;
				CLANG_ANALYZER_NUMBER_OBJECT_CONVERSION = YES_AGGRESSIVE;
				CLANG_CXX_LANGUAGE_STANDARD = "gnu++14";
				CLANG_CXX_LIBRARY = "libc++";
				CLANG_ENABLE_MODULES = YES;
				CLANG_ENABLE_OBJC_ARC = YES;
				CLANG_ENABLE_OBJC_WEAK = YES;
				CLANG_WARN_BLOCK_CAPTURE_AUTORELEASING = YES;
				CLANG_WARN_BOOL_CONVERSION = YES;
				CLANG_WARN_COMMA = YES;
				CLANG_WARN_CONSTANT_CONVERSION = YES;
				CLANG_WARN_DEPRECATED_OBJC_IMPLEMENTATIONS = YES;
				CLANG_WARN_DIRECT_OBJC_ISA_USAGE = YES_ERROR;
				CLANG_WARN_DOCUMENTATION_COMMENTS = YES;
				CLANG_WARN_EMPTY_BODY = YES;
				CLANG_WARN_ENUM_CONVERSION = YES;
				CLANG_WARN_INFINITE_RECURSION = YES;
				CLANG_WARN_INT_CONVERSION = YES;
				CLANG_WARN_NON_LITERAL_NULL_CONVERSION = YES;
				CLANG_WARN_OBJC_IMPLICIT_RETAIN_SELF = YES;
				CLANG_WARN_OBJC_LITERAL_CONVERSION = YES;
				CLANG_WARN_OBJC_ROOT_CLASS = YES_ERROR;
				CLANG_WARN_QUOTED_INCLUDE_IN_FRAMEWORK_HEADER = YES;
				CLANG_WARN_RANGE_LOOP_ANALYSIS = YES;
				CLANG_WARN_STRICT_PROTOTYPES = YES;
				CLANG_WARN_SUSPICIOUS_MOVE = YES;
				CLANG_WARN_UNGUARDED_AVAILABILITY = YES_AGGRESSIVE;
				CLANG_WARN_UNREACHABLE_CODE = YES;
				CLANG_WARN__DUPLICATE_METHOD_MATCH = YES;
				COPY_PHASE_STRIP = NO;
				DEBUG_INFORMATION_FORMAT = dwarf;
				ENABLE_STRICT_OBJC_MSGSEND = YES;
				ENABLE_TESTABILITY = YES;
				GCC_C_LANGUAGE_STANDARD = gnu11;
				GCC_DYNAMIC_NO_PIC = NO;
				GCC_NO_COMMON_BLOCKS = YES;
				GCC_OPTIMIZATION_LEVEL = 0;
				GCC_PREPROCESSOR_DEFINITIONS = (
					"DEBUG=1",
					"$(inherited)",
				);
				GCC_WARN_64_TO_32_BIT_CONVERSION = YES;
				GCC_WARN_ABOUT_RETURN_TYPE = YES_ERROR;
				GCC_WARN_UNDECLARED_SELECTOR = YES;
				GCC_WARN_UNINITIALIZED_AUTOS = YES_AGGRESSIVE;
				GCC_WARN_UNUSED_FUNCTION = YES;
				GCC_WARN_UNUSED_VARIABLE = YES;
				IPHONEOS_DEPLOYMENT_TARGET = 14.4;
				MTL_ENABLE_DEBUG_INFO = INCLUDE_SOURCE;
				MTL_FAST_MATH = YES;
				ONLY_ACTIVE_ARCH = YES;
				SDKROOT = iphoneos;
				SWIFT_ACTIVE_COMPILATION_CONDITIONS = DEBUG;
				SWIFT_OPTIMIZATION_LEVEL = "-Onone";
			};
			name = Debug;
		};
		8466DB29278ADD5000982F80 /* Release */ = {
			isa = XCBuildConfiguration;
			buildSettings = {
				ALWAYS_SEARCH_USER_PATHS = NO;
				CLANG_ANALYZER_NONNULL = YES;
				CLANG_ANALYZER_NUMBER_OBJECT_CONVERSION = YES_AGGRESSIVE;
				CLANG_CXX_LANGUAGE_STANDARD = "gnu++14";
				CLANG_CXX_LIBRARY = "libc++";
				CLANG_ENABLE_MODULES = YES;
				CLANG_ENABLE_OBJC_ARC = YES;
				CLANG_ENABLE_OBJC_WEAK = YES;
				CLANG_WARN_BLOCK_CAPTURE_AUTORELEASING = YES;
				CLANG_WARN_BOOL_CONVERSION = YES;
				CLANG_WARN_COMMA = YES;
				CLANG_WARN_CONSTANT_CONVERSION = YES;
				CLANG_WARN_DEPRECATED_OBJC_IMPLEMENTATIONS = YES;
				CLANG_WARN_DIRECT_OBJC_ISA_USAGE = YES_ERROR;
				CLANG_WARN_DOCUMENTATION_COMMENTS = YES;
				CLANG_WARN_EMPTY_BODY = YES;
				CLANG_WARN_ENUM_CONVERSION = YES;
				CLANG_WARN_INFINITE_RECURSION = YES;
				CLANG_WARN_INT_CONVERSION = YES;
				CLANG_WARN_NON_LITERAL_NULL_CONVERSION = YES;
				CLANG_WARN_OBJC_IMPLICIT_RETAIN_SELF = YES;
				CLANG_WARN_OBJC_LITERAL_CONVERSION = YES;
				CLANG_WARN_OBJC_ROOT_CLASS = YES_ERROR;
				CLANG_WARN_QUOTED_INCLUDE_IN_FRAMEWORK_HEADER = YES;
				CLANG_WARN_RANGE_LOOP_ANALYSIS = YES;
				CLANG_WARN_STRICT_PROTOTYPES = YES;
				CLANG_WARN_SUSPICIOUS_MOVE = YES;
				CLANG_WARN_UNGUARDED_AVAILABILITY = YES_AGGRESSIVE;
				CLANG_WARN_UNREACHABLE_CODE = YES;
				CLANG_WARN__DUPLICATE_METHOD_MATCH = YES;
				COPY_PHASE_STRIP = NO;
				DEBUG_INFORMATION_FORMAT = "dwarf-with-dsym";
				ENABLE_NS_ASSERTIONS = NO;
				ENABLE_STRICT_OBJC_MSGSEND = YES;
				GCC_C_LANGUAGE_STANDARD = gnu11;
				GCC_NO_COMMON_BLOCKS = YES;
				GCC_WARN_64_TO_32_BIT_CONVERSION = YES;
				GCC_WARN_ABOUT_RETURN_TYPE = YES_ERROR;
				GCC_WARN_UNDECLARED_SELECTOR = YES;
				GCC_WARN_UNINITIALIZED_AUTOS = YES_AGGRESSIVE;
				GCC_WARN_UNUSED_FUNCTION = YES;
				GCC_WARN_UNUSED_VARIABLE = YES;
				IPHONEOS_DEPLOYMENT_TARGET = 14.4;
				MTL_ENABLE_DEBUG_INFO = NO;
				MTL_FAST_MATH = YES;
				SDKROOT = iphoneos;
				SWIFT_COMPILATION_MODE = wholemodule;
				SWIFT_OPTIMIZATION_LEVEL = "-O";
				VALIDATE_PRODUCT = YES;
			};
			name = Release;
		};
		8466DB2B278ADD5000982F80 /* Debug */ = {
			isa = XCBuildConfiguration;
			buildSettings = {
				ASSETCATALOG_COMPILER_APPICON_NAME = AppIcon;
				ASSETCATALOG_COMPILER_GLOBAL_ACCENT_COLOR_NAME = AccentColor;
				CODE_SIGN_IDENTITY = "Apple Development";
				CODE_SIGN_STYLE = Automatic;
				DEVELOPMENT_TEAM = "";
				INFOPLIST_FILE = "E-Market/Resources/Info.plist";
				LD_RUNPATH_SEARCH_PATHS = (
					"$(inherited)",
					"@executable_path/Frameworks",
				);
				PRODUCT_BUNDLE_IDENTIFIER = "OPN.E-Market";
				PRODUCT_NAME = "$(TARGET_NAME)";
				PROVISIONING_PROFILE_SPECIFIER = "";
				SWIFT_VERSION = 5.0;
				TARGETED_DEVICE_FAMILY = "1,2";
			};
			name = Debug;
		};
		8466DB2C278ADD5000982F80 /* Release */ = {
			isa = XCBuildConfiguration;
			buildSettings = {
				ASSETCATALOG_COMPILER_APPICON_NAME = AppIcon;
				ASSETCATALOG_COMPILER_GLOBAL_ACCENT_COLOR_NAME = AccentColor;
				CODE_SIGN_IDENTITY = "Apple Development";
				CODE_SIGN_STYLE = Automatic;
				DEVELOPMENT_TEAM = "";
				INFOPLIST_FILE = "E-Market/Resources/Info.plist";
				LD_RUNPATH_SEARCH_PATHS = (
					"$(inherited)",
					"@executable_path/Frameworks",
				);
				PRODUCT_BUNDLE_IDENTIFIER = "OPN.E-Market";
				PRODUCT_NAME = "$(TARGET_NAME)";
				PROVISIONING_PROFILE_SPECIFIER = "";
				SWIFT_VERSION = 5.0;
				TARGETED_DEVICE_FAMILY = "1,2";
			};
			name = Release;
		};
		8466DB2E278ADD5000982F80 /* Debug */ = {
			isa = XCBuildConfiguration;
			buildSettings = {
				ALWAYS_EMBED_SWIFT_STANDARD_LIBRARIES = YES;
				BUNDLE_LOADER = "$(TEST_HOST)";
				CODE_SIGN_STYLE = Automatic;
				INFOPLIST_FILE = "E-MarketTests/Info.plist";
				IPHONEOS_DEPLOYMENT_TARGET = 14.4;
				LD_RUNPATH_SEARCH_PATHS = (
					"$(inherited)",
					"@executable_path/Frameworks",
					"@loader_path/Frameworks",
				);
				PRODUCT_BUNDLE_IDENTIFIER = "OPN.E-MarketTests";
				PRODUCT_NAME = "$(TARGET_NAME)";
				SWIFT_VERSION = 5.0;
				TARGETED_DEVICE_FAMILY = "1,2";
				TEST_HOST = "$(BUILT_PRODUCTS_DIR)/E-Market.app/E-Market";
			};
			name = Debug;
		};
		8466DB2F278ADD5000982F80 /* Release */ = {
			isa = XCBuildConfiguration;
			buildSettings = {
				ALWAYS_EMBED_SWIFT_STANDARD_LIBRARIES = YES;
				BUNDLE_LOADER = "$(TEST_HOST)";
				CODE_SIGN_STYLE = Automatic;
				INFOPLIST_FILE = "E-MarketTests/Info.plist";
				IPHONEOS_DEPLOYMENT_TARGET = 14.4;
				LD_RUNPATH_SEARCH_PATHS = (
					"$(inherited)",
					"@executable_path/Frameworks",
					"@loader_path/Frameworks",
				);
				PRODUCT_BUNDLE_IDENTIFIER = "OPN.E-MarketTests";
				PRODUCT_NAME = "$(TARGET_NAME)";
				SWIFT_VERSION = 5.0;
				TARGETED_DEVICE_FAMILY = "1,2";
				TEST_HOST = "$(BUILT_PRODUCTS_DIR)/E-Market.app/E-Market";
			};
			name = Release;
		};
		8466DB31278ADD5000982F80 /* Debug */ = {
			isa = XCBuildConfiguration;
			buildSettings = {
				ALWAYS_EMBED_SWIFT_STANDARD_LIBRARIES = YES;
				CODE_SIGN_STYLE = Automatic;
				INFOPLIST_FILE = "E-MarketUITests/Info.plist";
				LD_RUNPATH_SEARCH_PATHS = (
					"$(inherited)",
					"@executable_path/Frameworks",
					"@loader_path/Frameworks",
				);
				PRODUCT_BUNDLE_IDENTIFIER = "OPN.E-MarketUITests";
				PRODUCT_NAME = "$(TARGET_NAME)";
				SWIFT_VERSION = 5.0;
				TARGETED_DEVICE_FAMILY = "1,2";
				TEST_TARGET_NAME = "E-Market";
			};
			name = Debug;
		};
		8466DB32278ADD5000982F80 /* Release */ = {
			isa = XCBuildConfiguration;
			buildSettings = {
				ALWAYS_EMBED_SWIFT_STANDARD_LIBRARIES = YES;
				CODE_SIGN_STYLE = Automatic;
				INFOPLIST_FILE = "E-MarketUITests/Info.plist";
				LD_RUNPATH_SEARCH_PATHS = (
					"$(inherited)",
					"@executable_path/Frameworks",
					"@loader_path/Frameworks",
				);
				PRODUCT_BUNDLE_IDENTIFIER = "OPN.E-MarketUITests";
				PRODUCT_NAME = "$(TARGET_NAME)";
				SWIFT_VERSION = 5.0;
				TARGETED_DEVICE_FAMILY = "1,2";
				TEST_TARGET_NAME = "E-Market";
			};
			name = Release;
		};
/* End XCBuildConfiguration section */

/* Begin XCConfigurationList section */
		8466DAFB278ADD4E00982F80 /* Build configuration list for PBXProject "E-Market" */ = {
			isa = XCConfigurationList;
			buildConfigurations = (
				8466DB28278ADD5000982F80 /* Debug */,
				8466DB29278ADD5000982F80 /* Release */,
			);
			defaultConfigurationIsVisible = 0;
			defaultConfigurationName = Release;
		};
		8466DB2A278ADD5000982F80 /* Build configuration list for PBXNativeTarget "E-Market" */ = {
			isa = XCConfigurationList;
			buildConfigurations = (
				8466DB2B278ADD5000982F80 /* Debug */,
				8466DB2C278ADD5000982F80 /* Release */,
			);
			defaultConfigurationIsVisible = 0;
			defaultConfigurationName = Release;
		};
		8466DB2D278ADD5000982F80 /* Build configuration list for PBXNativeTarget "E-MarketTests" */ = {
			isa = XCConfigurationList;
			buildConfigurations = (
				8466DB2E278ADD5000982F80 /* Debug */,
				8466DB2F278ADD5000982F80 /* Release */,
			);
			defaultConfigurationIsVisible = 0;
			defaultConfigurationName = Release;
		};
		8466DB30278ADD5000982F80 /* Build configuration list for PBXNativeTarget "E-MarketUITests" */ = {
			isa = XCConfigurationList;
			buildConfigurations = (
				8466DB31278ADD5000982F80 /* Debug */,
				8466DB32278ADD5000982F80 /* Release */,
			);
			defaultConfigurationIsVisible = 0;
			defaultConfigurationName = Release;
		};
/* End XCConfigurationList section */
	};
	rootObject = 8466DAF8278ADD4E00982F80 /* Project object */;
}
